// !$*UTF8*$!
{
	archiveVersion = 1;
	classes = {
	};
	objectVersion = 50;
	objects = {

/* Begin PBXBuildFile section */
		3D0A90BD816D1BF904A1AEE3 /* Pods_KeychainSample.framework in Frameworks */ = {isa = PBXBuildFile; fileRef = CF243B9CEA87D8C156D360E5 /* Pods_KeychainSample.framework */; };
		AD26064722B257F60068D0A4 /* AppDelegate.swift in Sources */ = {isa = PBXBuildFile; fileRef = AD26064622B257F60068D0A4 /* AppDelegate.swift */; };
		AD26064922B257F60068D0A4 /* ViewController.swift in Sources */ = {isa = PBXBuildFile; fileRef = AD26064822B257F60068D0A4 /* ViewController.swift */; };
		AD26064E22B257F70068D0A4 /* Assets.xcassets in Resources */ = {isa = PBXBuildFile; fileRef = AD26064D22B257F70068D0A4 /* Assets.xcassets */; };
		AD26065122B257F70068D0A4 /* LaunchScreen.storyboard in Resources */ = {isa = PBXBuildFile; fileRef = AD26064F22B257F70068D0A4 /* LaunchScreen.storyboard */; };
		AD26065922B259540068D0A4 /* KeychainLayer.swift in Sources */ = {isa = PBXBuildFile; fileRef = AD26065822B259540068D0A4 /* KeychainLayer.swift */; };
/* End PBXBuildFile section */

/* Begin PBXFileReference section */
		AD26064322B257F60068D0A4 /* KeychainSample.app */ = {isa = PBXFileReference; explicitFileType = wrapper.application; includeInIndex = 0; path = KeychainSample.app; sourceTree = BUILT_PRODUCTS_DIR; };
		AD26064622B257F60068D0A4 /* AppDelegate.swift */ = {isa = PBXFileReference; lastKnownFileType = sourcecode.swift; path = AppDelegate.swift; sourceTree = "<group>"; };
		AD26064822B257F60068D0A4 /* ViewController.swift */ = {isa = PBXFileReference; lastKnownFileType = sourcecode.swift; path = ViewController.swift; sourceTree = "<group>"; };
		AD26064D22B257F70068D0A4 /* Assets.xcassets */ = {isa = PBXFileReference; lastKnownFileType = folder.assetcatalog; path = Assets.xcassets; sourceTree = "<group>"; };
		AD26065022B257F70068D0A4 /* Base */ = {isa = PBXFileReference; lastKnownFileType = file.storyboard; name = Base; path = Base.lproj/LaunchScreen.storyboard; sourceTree = "<group>"; };
		AD26065222B257F70068D0A4 /* Info.plist */ = {isa = PBXFileReference; lastKnownFileType = text.plist.xml; path = Info.plist; sourceTree = "<group>"; };
		AD26065822B259540068D0A4 /* KeychainLayer.swift */ = {isa = PBXFileReference; lastKnownFileType = sourcecode.swift; path = KeychainLayer.swift; sourceTree = "<group>"; };
		CF243B9CEA87D8C156D360E5 /* Pods_KeychainSample.framework */ = {isa = PBXFileReference; explicitFileType = wrapper.framework; includeInIndex = 0; path = Pods_KeychainSample.framework; sourceTree = BUILT_PRODUCTS_DIR; };
		D043BA0A526F1C3391BBA0F9 /* Pods-KeychainSample.debug.xcconfig */ = {isa = PBXFileReference; includeInIndex = 1; lastKnownFileType = text.xcconfig; name = "Pods-KeychainSample.debug.xcconfig"; path = "Target Support Files/Pods-KeychainSample/Pods-KeychainSample.debug.xcconfig"; sourceTree = "<group>"; };
		FFFEF3788E85E4CF18427419 /* Pods-KeychainSample.release.xcconfig */ = {isa = PBXFileReference; includeInIndex = 1; lastKnownFileType = text.xcconfig; name = "Pods-KeychainSample.release.xcconfig"; path = "Target Support Files/Pods-KeychainSample/Pods-KeychainSample.release.xcconfig"; sourceTree = "<group>"; };
/* End PBXFileReference section */

/* Begin PBXFrameworksBuildPhase section */
		AD26064022B257F60068D0A4 /* Frameworks */ = {
			isa = PBXFrameworksBuildPhase;
			buildActionMask = 2147483647;
			files = (
				3D0A90BD816D1BF904A1AEE3 /* Pods_KeychainSample.framework in Frameworks */,
			);
			runOnlyForDeploymentPostprocessing = 0;
		};
/* End PBXFrameworksBuildPhase section */

/* Begin PBXGroup section */
		8A5191AA6C52857BD0581986 /* Frameworks */ = {
			isa = PBXGroup;
			children = (
				CF243B9CEA87D8C156D360E5 /* Pods_KeychainSample.framework */,
			);
			name = Frameworks;
			sourceTree = "<group>";
		};
		AD26063A22B257F60068D0A4 = {
			isa = PBXGroup;
			children = (
				AD26064522B257F60068D0A4 /* KeychainSample */,
				AD26064422B257F60068D0A4 /* Products */,
				FC8B30847EDF5141EABB50FE /* Pods */,
				8A5191AA6C52857BD0581986 /* Frameworks */,
			);
			sourceTree = "<group>";
		};
		AD26064422B257F60068D0A4 /* Products */ = {
			isa = PBXGroup;
			children = (
				AD26064322B257F60068D0A4 /* KeychainSample.app */,
			);
			name = Products;
			sourceTree = "<group>";
		};
		AD26064522B257F60068D0A4 /* KeychainSample */ = {
			isa = PBXGroup;
			children = (
				AD26064622B257F60068D0A4 /* AppDelegate.swift */,
				AD26064822B257F60068D0A4 /* ViewController.swift */,
				AD26064D22B257F70068D0A4 /* Assets.xcassets */,
				AD26064F22B257F70068D0A4 /* LaunchScreen.storyboard */,
				AD26065222B257F70068D0A4 /* Info.plist */,
				AD26065822B259540068D0A4 /* KeychainLayer.swift */,
			);
			path = KeychainSample;
			sourceTree = "<group>";
		};
		FC8B30847EDF5141EABB50FE /* Pods */ = {
			isa = PBXGroup;
			children = (
				D043BA0A526F1C3391BBA0F9 /* Pods-KeychainSample.debug.xcconfig */,
				FFFEF3788E85E4CF18427419 /* Pods-KeychainSample.release.xcconfig */,
			);
			path = Pods;
			sourceTree = "<group>";
		};
/* End PBXGroup section */

/* Begin PBXNativeTarget section */
		AD26064222B257F60068D0A4 /* KeychainSample */ = {
			isa = PBXNativeTarget;
			buildConfigurationList = AD26065522B257F70068D0A4 /* Build configuration list for PBXNativeTarget "KeychainSample" */;
			buildPhases = (
				258CA1849BBC3CB04AFEEF53 /* [CP] Check Pods Manifest.lock */,
				AD26063F22B257F60068D0A4 /* Sources */,
				AD26064022B257F60068D0A4 /* Frameworks */,
				AD26064122B257F60068D0A4 /* Resources */,
				D6C98E37091FC282BFD2B007 /* [CP] Embed Pods Frameworks */,
			);
			buildRules = (
			);
			dependencies = (
			);
			name = KeychainSample;
			productName = KeychainSample;
			productReference = AD26064322B257F60068D0A4 /* KeychainSample.app */;
			productType = "com.apple.product-type.application";
		};
/* End PBXNativeTarget section */

/* Begin PBXProject section */
		AD26063B22B257F60068D0A4 /* Project object */ = {
			isa = PBXProject;
			attributes = {
				LastSwiftUpdateCheck = 1020;
				LastUpgradeCheck = 1020;
				ORGANIZATIONNAME = "Sudhanshu Sudhanshu";
				TargetAttributes = {
					AD26064222B257F60068D0A4 = {
						CreatedOnToolsVersion = 10.2.1;
					};
				};
			};
			buildConfigurationList = AD26063E22B257F60068D0A4 /* Build configuration list for PBXProject "KeychainSample" */;
			compatibilityVersion = "Xcode 9.3";
			developmentRegion = en;
			hasScannedForEncodings = 0;
			knownRegions = (
				en,
				Base,
			);
			mainGroup = AD26063A22B257F60068D0A4;
			productRefGroup = AD26064422B257F60068D0A4 /* Products */;
			projectDirPath = "";
			projectRoot = "";
			targets = (
				AD26064222B257F60068D0A4 /* KeychainSample */,
			);
		};
/* End PBXProject section */

/* Begin PBXResourcesBuildPhase section */
		AD26064122B257F60068D0A4 /* Resources */ = {
			isa = PBXResourcesBuildPhase;
			buildActionMask = 2147483647;
			files = (
				AD26065122B257F70068D0A4 /* LaunchScreen.storyboard in Resources */,
				AD26064E22B257F70068D0A4 /* Assets.xcassets in Resources */,
			);
			runOnlyForDeploymentPostprocessing = 0;
		};
/* End PBXResourcesBuildPhase section */

/* Begin PBXShellScriptBuildPhase section */
		258CA1849BBC3CB04AFEEF53 /* [CP] Check Pods Manifest.lock */ = {
			isa = PBXShellScriptBuildPhase;
			buildActionMask = 2147483647;
			files = (
			);
			inputFileListPaths = (
			);
			inputPaths = (
				"${PODS_PODFILE_DIR_PATH}/Podfile.lock",
				"${PODS_ROOT}/Manifest.lock",
			);
			name = "[CP] Check Pods Manifest.lock";
			outputFileListPaths = (
			);
			outputPaths = (
				"$(DERIVED_FILE_DIR)/Pods-KeychainSample-checkManifestLockResult.txt",
			);
			runOnlyForDeploymentPostprocessing = 0;
			shellPath = /bin/sh;
			shellScript = "diff \"${PODS_PODFILE_DIR_PATH}/Podfile.lock\" \"${PODS_ROOT}/Manifest.lock\" > /dev/null\nif [ $? != 0 ] ; then\n    # print error to STDERR\n    echo \"error: The sandbox is not in sync with the Podfile.lock. Run 'pod install' or update your CocoaPods installation.\" >&2\n    exit 1\nfi\n# This output is used by Xcode 'outputs' to avoid re-running this script phase.\necho \"SUCCESS\" > \"${SCRIPT_OUTPUT_FILE_0}\"\n";
			showEnvVarsInLog = 0;
		};
		D6C98E37091FC282BFD2B007 /* [CP] Embed Pods Frameworks */ = {
			isa = PBXShellScriptBuildPhase;
			buildActionMask = 2147483647;
			files = (
			);
			inputFileListPaths = (
			);
			inputPaths = (
				"${PODS_ROOT}/Target Support Files/Pods-KeychainSample/Pods-KeychainSample-frameworks.sh",
				"${BUILT_PRODUCTS_DIR}/SwiftKeychainWrapper/SwiftKeychainWrapper.framework",
			);
			name = "[CP] Embed Pods Frameworks";
			outputFileListPaths = (
			);
			outputPaths = (
				"${TARGET_BUILD_DIR}/${FRAMEWORKS_FOLDER_PATH}/SwiftKeychainWrapper.framework",
			);
			runOnlyForDeploymentPostprocessing = 0;
			shellPath = /bin/sh;
			shellScript = "\"${PODS_ROOT}/Target Support Files/Pods-KeychainSample/Pods-KeychainSample-frameworks.sh\"\n";
			showEnvVarsInLog = 0;
		};
/* End PBXShellScriptBuildPhase section */

/* Begin PBXSourcesBuildPhase section */
		AD26063F22B257F60068D0A4 /* Sources */ = {
			isa = PBXSourcesBuildPhase;
			buildActionMask = 2147483647;
			files = (
				AD26064922B257F60068D0A4 /* ViewController.swift in Sources */,
				AD26064722B257F60068D0A4 /* AppDelegate.swift in Sources */,
				AD26065922B259540068D0A4 /* KeychainLayer.swift in Sources */,
			);
			runOnlyForDeploymentPostprocessing = 0;
		};
/* End PBXSourcesBuildPhase section */

/* Begin PBXVariantGroup section */
		AD26064F22B257F70068D0A4 /* LaunchScreen.storyboard */ = {
			isa = PBXVariantGroup;
			children = (
				AD26065022B257F70068D0A4 /* Base */,
			);
			name = LaunchScreen.storyboard;
			sourceTree = "<group>";
		};
/* End PBXVariantGroup section */

/* Begin XCBuildConfiguration section */
		AD26065322B257F70068D0A4 /* Debug */ = {
			isa = XCBuildConfiguration;
			buildSettings = {
				ALWAYS_SEARCH_USER_PATHS = NO;
				CLANG_ANALYZER_NONNULL = YES;
				CLANG_ANALYZER_NUMBER_OBJECT_CONVERSION = YES_AGGRESSIVE;
				CLANG_CXX_LANGUAGE_STANDARD = "gnu++14";
				CLANG_CXX_LIBRARY = "libc++";
				CLANG_ENABLE_MODULES = YES;
				CLANG_ENABLE_OBJC_ARC = YES;
				CLANG_ENABLE_OBJC_WEAK = YES;
				CLANG_WARN_BLOCK_CAPTURE_AUTORELEASING = YES;
				CLANG_WARN_BOOL_CONVERSION = YES;
				CLANG_WARN_COMMA = YES;
				CLANG_WARN_CONSTANT_CONVERSION = YES;
				CLANG_WARN_DEPRECATED_OBJC_IMPLEMENTATIONS = YES;
				CLANG_WARN_DIRECT_OBJC_ISA_USAGE = YES_ERROR;
				CLANG_WARN_DOCUMENTATION_COMMENTS = YES;
				CLANG_WARN_EMPTY_BODY = YES;
				CLANG_WARN_ENUM_CONVERSION = YES;
				CLANG_WARN_INFINITE_RECURSION = YES;
				CLANG_WARN_INT_CONVERSION = YES;
				CLANG_WARN_NON_LITERAL_NULL_CONVERSION = YES;
				CLANG_WARN_OBJC_IMPLICIT_RETAIN_SELF = YES;
				CLANG_WARN_OBJC_LITERAL_CONVERSION = YES;
				CLANG_WARN_OBJC_ROOT_CLASS = YES_ERROR;
				CLANG_WARN_RANGE_LOOP_ANALYSIS = YES;
				CLANG_WARN_STRICT_PROTOTYPES = YES;
				CLANG_WARN_SUSPICIOUS_MOVE = YES;
				CLANG_WARN_UNGUARDED_AVAILABILITY = YES_AGGRESSIVE;
				CLANG_WARN_UNREACHABLE_CODE = YES;
				CLANG_WARN__DUPLICATE_METHOD_MATCH = YES;
				CODE_SIGN_IDENTITY = "iPhone Developer";
				COPY_PHASE_STRIP = NO;
				DEBUG_INFORMATION_FORMAT = dwarf;
				ENABLE_STRICT_OBJC_MSGSEND = YES;
				ENABLE_TESTABILITY = YES;
				GCC_C_LANGUAGE_STANDARD = gnu11;
				GCC_DYNAMIC_NO_PIC = NO;
				GCC_NO_COMMON_BLOCKS = YES;
				GCC_OPTIMIZATION_LEVEL = 0;
				GCC_PREPROCESSOR_DEFINITIONS = (
					"DEBUG=1",
					"$(inherited)",
				);
				GCC_WARN_64_TO_32_BIT_CONVERSION = YES;
				GCC_WARN_ABOUT_RETURN_TYPE = YES_ERROR;
				GCC_WARN_UNDECLARED_SELECTOR = YES;
				GCC_WARN_UNINITIALIZED_AUTOS = YES_AGGRESSIVE;
				GCC_WARN_UNUSED_FUNCTION = YES;
				GCC_WARN_UNUSED_VARIABLE = YES;
				IPHONEOS_DEPLOYMENT_TARGET = 12.2;
				MTL_ENABLE_DEBUG_INFO = INCLUDE_SOURCE;
				MTL_FAST_MATH = YES;
				ONLY_ACTIVE_ARCH = YES;
				SDKROOT = iphoneos;
				SWIFT_ACTIVE_COMPILATION_CONDITIONS = DEBUG;
				SWIFT_OPTIMIZATION_LEVEL = "-Onone";
			};
			name = Debug;
		};
		AD26065422B257F70068D0A4 /* Release */ = {
			isa = XCBuildConfiguration;
			buildSettings = {
				ALWAYS_SEARCH_USER_PATHS = NO;
				CLANG_ANALYZER_NONNULL = YES;
				CLANG_ANALYZER_NUMBER_OBJECT_CONVERSION = YES_AGGRESSIVE;
				CLANG_CXX_LANGUAGE_STANDARD = "gnu++14";
				CLANG_CXX_LIBRARY = "libc++";
				CLANG_ENABLE_MODULES = YES;
				CLANG_ENABLE_OBJC_ARC = YES;
				CLANG_ENABLE_OBJC_WEAK = YES;
				CLANG_WARN_BLOCK_CAPTURE_AUTORELEASING = YES;
				CLANG_WARN_BOOL_CONVERSION = YES;
				CLANG_WARN_COMMA = YES;
				CLANG_WARN_CONSTANT_CONVERSION = YES;
				CLANG_WARN_DEPRECATED_OBJC_IMPLEMENTATIONS = YES;
				CLANG_WARN_DIRECT_OBJC_ISA_USAGE = YES_ERROR;
				CLANG_WARN_DOCUMENTATION_COMMENTS = YES;
				CLANG_WARN_EMPTY_BODY = YES;
				CLANG_WARN_ENUM_CONVERSION = YES;
				CLANG_WARN_INFINITE_RECURSION = YES;
				CLANG_WARN_INT_CONVERSION = YES;
				CLANG_WARN_NON_LITERAL_NULL_CONVERSION = YES;
				CLANG_WARN_OBJC_IMPLICIT_RETAIN_SELF = YES;
				CLANG_WARN_OBJC_LITERAL_CONVERSION = YES;
				CLANG_WARN_OBJC_ROOT_CLASS = YES_ERROR;
				CLANG_WARN_RANGE_LOOP_ANALYSIS = YES;
				CLANG_WARN_STRICT_PROTOTYPES = YES;
				CLANG_WARN_SUSPICIOUS_MOVE = YES;
				CLANG_WARN_UNGUARDED_AVAILABILITY = YES_AGGRESSIVE;
				CLANG_WARN_UNREACHABLE_CODE = YES;
				CLANG_WARN__DUPLICATE_METHOD_MATCH = YES;
				CODE_SIGN_IDENTITY = "iPhone Developer";
				COPY_PHASE_STRIP = NO;
				DEBUG_INFORMATION_FORMAT = "dwarf-with-dsym";
				ENABLE_NS_ASSERTIONS = NO;
				ENABLE_STRICT_OBJC_MSGSEND = YES;
				GCC_C_LANGUAGE_STANDARD = gnu11;
				GCC_NO_COMMON_BLOCKS = YES;
				GCC_WARN_64_TO_32_BIT_CONVERSION = YES;
				GCC_WARN_ABOUT_RETURN_TYPE = YES_ERROR;
				GCC_WARN_UNDECLARED_SELECTOR = YES;
				GCC_WARN_UNINITIALIZED_AUTOS = YES_AGGRESSIVE;
				GCC_WARN_UNUSED_FUNCTION = YES;
				GCC_WARN_UNUSED_VARIABLE = YES;
				IPHONEOS_DEPLOYMENT_TARGET = 12.2;
				MTL_ENABLE_DEBUG_INFO = NO;
				MTL_FAST_MATH = YES;
				SDKROOT = iphoneos;
				SWIFT_COMPILATION_MODE = wholemodule;
				SWIFT_OPTIMIZATION_LEVEL = "-O";
				VALIDATE_PRODUCT = YES;
			};
			name = Release;
		};
		AD26065622B257F70068D0A4 /* Debug */ = {
			isa = XCBuildConfiguration;
			baseConfigurationReference = D043BA0A526F1C3391BBA0F9 /* Pods-KeychainSample.debug.xcconfig */;
			buildSettings = {
				ASSETCATALOG_COMPILER_APPICON_NAME = AppIcon;
				CODE_SIGN_STYLE = Automatic;
				INFOPLIST_FILE = KeychainSample/Info.plist;
				LD_RUNPATH_SEARCH_PATHS = (
					"$(inherited)",
					"@executable_path/Frameworks",
				);
				PRODUCT_BUNDLE_IDENTIFIER = com.sud.KeychainSample;
				PRODUCT_NAME = "$(TARGET_NAME)";
				SWIFT_VERSION = 5.0;
				TARGETED_DEVICE_FAMILY = "1,2";
			};
			name = Debug;
		};
		AD26065722B257F70068D0A4 /* Release */ = {
			isa = XCBuildConfiguration;
			baseConfigurationReference = FFFEF3788E85E4CF18427419 /* Pods-KeychainSample.release.xcconfig */;
			buildSettings = {
				ASSETCATALOG_COMPILER_APPICON_NAME = AppIcon;
				CODE_SIGN_STYLE = Automatic;
				INFOPLIST_FILE = KeychainSample/Info.plist;
				LD_RUNPATH_SEARCH_PATHS = (
					"$(inherited)",
					"@executable_path/Frameworks",
				);
				PRODUCT_BUNDLE_IDENTIFIER = com.sud.KeychainSample;
				PRODUCT_NAME = "$(TARGET_NAME)";
				SWIFT_VERSION = 5.0;
				TARGETED_DEVICE_FAMILY = "1,2";
			};
			name = Release;
		};
/* End XCBuildConfiguration section */

/* Begin XCConfigurationList section */
		AD26063E22B257F60068D0A4 /* Build configuration list for PBXProject "KeychainSample" */ = {
			isa = XCConfigurationList;
			buildConfigurations = (
				AD26065322B257F70068D0A4 /* Debug */,
				AD26065422B257F70068D0A4 /* Release */,
			);
			defaultConfigurationIsVisible = 0;
			defaultConfigurationName = Release;
		};
		AD26065522B257F70068D0A4 /* Build configuration list for PBXNativeTarget "KeychainSample" */ = {
			isa = XCConfigurationList;
			buildConfigurations = (
				AD26065622B257F70068D0A4 /* Debug */,
				AD26065722B257F70068D0A4 /* Release */,
			);
			defaultConfigurationIsVisible = 0;
			defaultConfigurationName = Release;
		};
/* End XCConfigurationList section */
	};
	rootObject = AD26063B22B257F60068D0A4 /* Project object */;
}
